
Microsoft Visual Studio Solution File, Format Version 12.00
# Visual Studio Version 17
VisualStudioVersion = 17.8.34004.107
MinimumVisualStudioVersion = 10.0.40219.1
Project("{2150E333-8FDC-42A3-9474-1A3956D46DE8}") = "Frontend", "Frontend", "{7A4F3ABA-E0B9-47CF-9407-4B5F8DF86787}"
EndProject
Project("{2150E333-8FDC-42A3-9474-1A3956D46DE8}") = "Backend", "Backend", "{B891B716-9204-4154-8D66-A77391D10985}"
EndProject
Project("{2150E333-8FDC-42A3-9474-1A3956D46DE8}") = "Core", "Core", "{170336ED-F61F-48C6-A93F-3910D1F711D2}"
EndProject
Project("{2150E333-8FDC-42A3-9474-1A3956D46DE8}") = "Infrastructure", "Infrastructure", "{D0CC7E2F-E493-46C5-AFBF-1FEE53BF818B}"
EndProject
Project("{2150E333-8FDC-42A3-9474-1A3956D46DE8}") = "Presentation", "Presentation", "{092A8ED3-C2BD-4C4D-991F-E9F9AA3C9A5E}"
EndProject
Project("{9A19103F-16F7-4668-BE54-9A1E7A4F7556}") = "AutoAd.Domain", "AutoAd.Domain\AutoAd.Domain.csproj", "{ABF5B370-B6B5-4252-90FB-15D9C501E7FC}"
EndProject
Project("{9A19103F-16F7-4668-BE54-9A1E7A4F7556}") = "AutoAd.Application", "AutoAd.Application\AutoAd.Application.csproj", "{7CBC7FA3-AED0-426B-9DFF-C84CC02D2DDE}"
EndProject
Project("{9A19103F-16F7-4668-BE54-9A1E7A4F7556}") = "AutoAd.Persistence", "AutoAd.Persistence\AutoAd.Persistence.csproj", "{9A054BE4-B2D6-4776-97E1-14B72693CE2E}"
EndProject
Project("{9A19103F-16F7-4668-BE54-9A1E7A4F7556}") = "AutoAd.Infrastructure", "AutoAd.Infrastructure\AutoAd.Infrastructure.csproj", "{93EF8537-C608-405E-B04F-859DB6A6E54E}"
EndProject
Project("{9A19103F-16F7-4668-BE54-9A1E7A4F7556}") = "AutoAd.API", "AutoAd.API\AutoAd.API.csproj", "{353AD206-1A4D-4A7C-89B9-6F0BE5CA33F2}"
EndProject
Project("{FAE04EC0-301F-11D3-BF4B-00C04F79EFBC}") = "AutoAd.Web", "AutoAd.Web\AutoAd.Web.csproj", "{A520BAC0-FBEE-4118-9854-4FDBB83C9690}"
EndProject
Global
	GlobalSection(SolutionConfigurationPlatforms) = preSolution
		Debug|Any CPU = Debug|Any CPU
		Release|Any CPU = Release|Any CPU
	EndGlobalSection
	GlobalSection(ProjectConfigurationPlatforms) = postSolution
		{ABF5B370-B6B5-4252-90FB-15D9C501E7FC}.Debug|Any CPU.ActiveCfg = Debug|Any CPU
		{ABF5B370-B6B5-4252-90FB-15D9C501E7FC}.Debug|Any CPU.Build.0 = Debug|Any CPU
		{ABF5B370-B6B5-4252-90FB-15D9C501E7FC}.Release|Any CPU.ActiveCfg = Release|Any CPU
		{ABF5B370-B6B5-4252-90FB-15D9C501E7FC}.Release|Any CPU.Build.0 = Release|Any CPU
		{7CBC7FA3-AED0-426B-9DFF-C84CC02D2DDE}.Debug|Any CPU.ActiveCfg = Debug|Any CPU
		{7CBC7FA3-AED0-426B-9DFF-C84CC02D2DDE}.Debug|Any CPU.Build.0 = Debug|Any CPU
		{7CBC7FA3-AED0-426B-9DFF-C84CC02D2DDE}.Release|Any CPU.ActiveCfg = Release|Any CPU
		{7CBC7FA3-AED0-426B-9DFF-C84CC02D2DDE}.Release|Any CPU.Build.0 = Release|Any CPU
		{9A054BE4-B2D6-4776-97E1-14B72693CE2E}.Debug|Any CPU.ActiveCfg = Debug|Any CPU
		{9A054BE4-B2D6-4776-97E1-14B72693CE2E}.Debug|Any CPU.Build.0 = Debug|Any CPU
		{9A054BE4-B2D6-4776-97E1-14B72693CE2E}.Release|Any CPU.ActiveCfg = Release|Any CPU
		{9A054BE4-B2D6-4776-97E1-14B72693CE2E}.Release|Any CPU.Build.0 = Release|Any CPU
		{93EF8537-C608-405E-B04F-859DB6A6E54E}.Debug|Any CPU.ActiveCfg = Debug|Any CPU
		{93EF8537-C608-405E-B04F-859DB6A6E54E}.Debug|Any CPU.Build.0 = Debug|Any CPU
		{93EF8537-C608-405E-B04F-859DB6A6E54E}.Release|Any CPU.ActiveCfg = Release|Any CPU
		{93EF8537-C608-405E-B04F-859DB6A6E54E}.Release|Any CPU.Build.0 = Release|Any CPU
		{353AD206-1A4D-4A7C-89B9-6F0BE5CA33F2}.Debug|Any CPU.ActiveCfg = Debug|Any CPU
		{353AD206-1A4D-4A7C-89B9-6F0BE5CA33F2}.Debug|Any CPU.Build.0 = Debug|Any CPU
		{353AD206-1A4D-4A7C-89B9-6F0BE5CA33F2}.Release|Any CPU.ActiveCfg = Release|Any CPU
		{353AD206-1A4D-4A7C-89B9-6F0BE5CA33F2}.Release|Any CPU.Build.0 = Release|Any CPU
		{A520BAC0-FBEE-4118-9854-4FDBB83C9690}.Debug|Any CPU.ActiveCfg = Debug|Any CPU
		{A520BAC0-FBEE-4118-9854-4FDBB83C9690}.Debug|Any CPU.Build.0 = Debug|Any CPU
		{A520BAC0-FBEE-4118-9854-4FDBB83C9690}.Release|Any CPU.ActiveCfg = Release|Any CPU
		{A520BAC0-FBEE-4118-9854-4FDBB83C9690}.Release|Any CPU.Build.0 = Release|Any CPU
	EndGlobalSection
	GlobalSection(SolutionProperties) = preSolution
		HideSolutionNode = FALSE
	EndGlobalSection
	GlobalSection(NestedProjects) = preSolution
		{170336ED-F61F-48C6-A93F-3910D1F711D2} = {B891B716-9204-4154-8D66-A77391D10985}
		{D0CC7E2F-E493-46C5-AFBF-1FEE53BF818B} = {B891B716-9204-4154-8D66-A77391D10985}
		{092A8ED3-C2BD-4C4D-991F-E9F9AA3C9A5E} = {B891B716-9204-4154-8D66-A77391D10985}
		{ABF5B370-B6B5-4252-90FB-15D9C501E7FC} = {170336ED-F61F-48C6-A93F-3910D1F711D2}
		{7CBC7FA3-AED0-426B-9DFF-C84CC02D2DDE} = {170336ED-F61F-48C6-A93F-3910D1F711D2}
		{9A054BE4-B2D6-4776-97E1-14B72693CE2E} = {D0CC7E2F-E493-46C5-AFBF-1FEE53BF818B}
		{93EF8537-C608-405E-B04F-859DB6A6E54E} = {D0CC7E2F-E493-46C5-AFBF-1FEE53BF818B}
		{353AD206-1A4D-4A7C-89B9-6F0BE5CA33F2} = {092A8ED3-C2BD-4C4D-991F-E9F9AA3C9A5E}
		{A520BAC0-FBEE-4118-9854-4FDBB83C9690} = {7A4F3ABA-E0B9-47CF-9407-4B5F8DF86787}
	EndGlobalSection
	GlobalSection(ExtensibilityGlobals) = postSolution
		SolutionGuid = {507AE06D-B419-4A47-9382-F7AA74CCF196}
	EndGlobalSection
EndGlobal
